{
  "name": "architectural-geometry",
  "lockfileVersion": 3,
  "requires": true,
  "packages": {
    "": {
      "name": "architectural-geometry",
      "devDependencies": {
        "jupyter-book": "2.1.6"
      },
      "engines": {
        "node": ">=24 <27",
        "npm": ">=11"
      }
    },
    "node_modules/jupyter-book": {
      "version": "2.1.6",
      "resolved": "https://registry.npmjs.org/jupyter-book/-/jupyter-book-2.1.6.tgz",
      "integrity": "sha512-wbZLvYxGWcxBpyk+4rZm2cXA+UIDW5Oh56Y0rcrMuQmbQNhTIa72aBzRsU3sRrb63bAKsH9RO9ZpWIeheqRBiw==",
      "dev": true,
      "license": "BSD-3-Clause",
      "bin": {
        "jupyter-book": "py/jupyter_book/dist/jupyter-book.cjs"
      },
      "engines": {
        "node": ">=18.0.0",
        "npm": ">=10.7.0"
      }
    }
  }
}
